// !$*UTF8*$!
{
	archiveVersion = 1;
	classes = {
	};
	objectVersion = 46;
	objects = {

/* Begin PBXBuildFile section */
		50345F491C9299A500F88D20 /* main.m in Sources */ = {isa = PBXBuildFile; fileRef = 50345F481C9299A500F88D20 /* main.m */; };
		50345F4C1C9299A500F88D20 /* AppDelegate.m in Sources */ = {isa = PBXBuildFile; fileRef = 50345F4B1C9299A500F88D20 /* AppDelegate.m */; };
		50345F4F1C9299A500F88D20 /* ViewController.m in Sources */ = {isa = PBXBuildFile; fileRef = 50345F4E1C9299A500F88D20 /* ViewController.m */; };
		50345F521C9299A500F88D20 /* Main.storyboard in Resources */ = {isa = PBXBuildFile; fileRef = 50345F501C9299A500F88D20 /* Main.storyboard */; };
		50345F541C9299A500F88D20 /* Assets.xcassets in Resources */ = {isa = PBXBuildFile; fileRef = 50345F531C9299A500F88D20 /* Assets.xcassets */; };
		50345F571C9299A500F88D20 /* LaunchScreen.storyboard in Resources */ = {isa = PBXBuildFile; fileRef = 50345F551C9299A500F88D20 /* LaunchScreen.storyboard */; };
		50345F621C9299A500F88D20 /* TextColorsTests.m in Sources */ = {isa = PBXBuildFile; fileRef = 50345F611C9299A500F88D20 /* TextColorsTests.m */; };
		50345F6D1C9299A500F88D20 /* TextColorsUITests.m in Sources */ = {isa = PBXBuildFile; fileRef = 50345F6C1C9299A500F88D20 /* TextColorsUITests.m */; };
		50BB07861D51EA7700474510 /* CHANGELOG in Resources */ = {isa = PBXBuildFile; fileRef = 50BB077A1D51EA7700474510 /* CHANGELOG */; };
		50BB07871D51EA7700474510 /* de.bitstadium.HockeySDK-iOS-4.0.2.docset in Resources */ = {isa = PBXBuildFile; fileRef = 50BB077B1D51EA7700474510 /* de.bitstadium.HockeySDK-iOS-4.0.2.docset */; };
		50BB07881D51EA7700474510 /* HockeySDK.framework in Frameworks */ = {isa = PBXBuildFile; fileRef = 50BB077D1D51EA7700474510 /* HockeySDK.framework */; };
		50BB07891D51EA7700474510 /* HockeySDKResources.bundle in Resources */ = {isa = PBXBuildFile; fileRef = 50BB077F1D51EA7700474510 /* HockeySDKResources.bundle */; };
		50BB078A1D51EA7700474510 /* HockeySDK.framework in Frameworks */ = {isa = PBXBuildFile; fileRef = 50BB07811D51EA7700474510 /* HockeySDK.framework */; };
		50BB078B1D51EA7700474510 /* HockeySDK.framework in Frameworks */ = {isa = PBXBuildFile; fileRef = 50BB07831D51EA7700474510 /* HockeySDK.framework */; };
		50BB078C1D51EA7700474510 /* LICENSE in Resources */ = {isa = PBXBuildFile; fileRef = 50BB07841D51EA7700474510 /* LICENSE */; };
		50BB078D1D51EA7700474510 /* README.md in Sources */ = {isa = PBXBuildFile; fileRef = 50BB07851D51EA7700474510 /* README.md */; };
/* End PBXBuildFile section */

/* Begin PBXContainerItemProxy section */
		50345F5E1C9299A500F88D20 /* PBXContainerItemProxy */ = {
			isa = PBXContainerItemProxy;
			containerPortal = 50345F3C1C9299A500F88D20 /* Project object */;
			proxyType = 1;
			remoteGlobalIDString = 50345F431C9299A500F88D20;
			remoteInfo = TextColors;
		};
		50345F691C9299A500F88D20 /* PBXContainerItemProxy */ = {
			isa = PBXContainerItemProxy;
			containerPortal = 50345F3C1C9299A500F88D20 /* Project object */;
			proxyType = 1;
			remoteGlobalIDString = 50345F431C9299A500F88D20;
			remoteInfo = TextColors;
		};
/* End PBXContainerItemProxy section */

/* Begin PBXFileReference section */
		50345F441C9299A500F88D20 /* TextColors.app */ = {isa = PBXFileReference; explicitFileType = wrapper.application; includeInIndex = 0; path = TextColors.app; sourceTree = BUILT_PRODUCTS_DIR; };
		50345F481C9299A500F88D20 /* main.m */ = {isa = PBXFileReference; lastKnownFileType = sourcecode.c.objc; path = main.m; sourceTree = "<group>"; };
		50345F4A1C9299A500F88D20 /* AppDelegate.h */ = {isa = PBXFileReference; lastKnownFileType = sourcecode.c.h; path = AppDelegate.h; sourceTree = "<group>"; };
		50345F4B1C9299A500F88D20 /* AppDelegate.m */ = {isa = PBXFileReference; lastKnownFileType = sourcecode.c.objc; path = AppDelegate.m; sourceTree = "<group>"; };
		50345F4D1C9299A500F88D20 /* ViewController.h */ = {isa = PBXFileReference; lastKnownFileType = sourcecode.c.h; path = ViewController.h; sourceTree = "<group>"; };
		50345F4E1C9299A500F88D20 /* ViewController.m */ = {isa = PBXFileReference; lastKnownFileType = sourcecode.c.objc; path = ViewController.m; sourceTree = "<group>"; };
		50345F511C9299A500F88D20 /* Base */ = {isa = PBXFileReference; lastKnownFileType = file.storyboard; name = Base; path = Base.lproj/Main.storyboard; sourceTree = "<group>"; };
		50345F531C9299A500F88D20 /* Assets.xcassets */ = {isa = PBXFileReference; lastKnownFileType = folder.assetcatalog; path = Assets.xcassets; sourceTree = "<group>"; };
		50345F561C9299A500F88D20 /* Base */ = {isa = PBXFileReference; lastKnownFileType = file.storyboard; name = Base; path = Base.lproj/LaunchScreen.storyboard; sourceTree = "<group>"; };
		50345F581C9299A500F88D20 /* Info.plist */ = {isa = PBXFileReference; lastKnownFileType = text.plist.xml; path = Info.plist; sourceTree = "<group>"; };
		50345F5D1C9299A500F88D20 /* TextColorsTests.xctest */ = {isa = PBXFileReference; explicitFileType = wrapper.cfbundle; includeInIndex = 0; path = TextColorsTests.xctest; sourceTree = BUILT_PRODUCTS_DIR; };
		50345F611C9299A500F88D20 /* TextColorsTests.m */ = {isa = PBXFileReference; lastKnownFileType = sourcecode.c.objc; path = TextColorsTests.m; sourceTree = "<group>"; };
		50345F631C9299A500F88D20 /* Info.plist */ = {isa = PBXFileReference; lastKnownFileType = text.plist.xml; path = Info.plist; sourceTree = "<group>"; };
		50345F681C9299A500F88D20 /* TextColorsUITests.xctest */ = {isa = PBXFileReference; explicitFileType = wrapper.cfbundle; includeInIndex = 0; path = TextColorsUITests.xctest; sourceTree = BUILT_PRODUCTS_DIR; };
		50345F6C1C9299A500F88D20 /* TextColorsUITests.m */ = {isa = PBXFileReference; lastKnownFileType = sourcecode.c.objc; path = TextColorsUITests.m; sourceTree = "<group>"; };
		50345F6E1C9299A500F88D20 /* Info.plist */ = {isa = PBXFileReference; lastKnownFileType = text.plist.xml; path = Info.plist; sourceTree = "<group>"; };
		50BB077A1D51EA7700474510 /* CHANGELOG */ = {isa = PBXFileReference; fileEncoding = 4; lastKnownFileType = text; path = CHANGELOG; sourceTree = "<group>"; };
		50BB077B1D51EA7700474510 /* de.bitstadium.HockeySDK-iOS-4.0.2.docset */ = {isa = PBXFileReference; lastKnownFileType = wrapper; path = "de.bitstadium.HockeySDK-iOS-4.0.2.docset"; sourceTree = "<group>"; };
		50BB077D1D51EA7700474510 /* HockeySDK.framework */ = {isa = PBXFileReference; lastKnownFileType = wrapper.framework; path = HockeySDK.framework; sourceTree = "<group>"; };
		50BB077F1D51EA7700474510 /* HockeySDKResources.bundle */ = {isa = PBXFileReference; lastKnownFileType = "wrapper.plug-in"; path = HockeySDKResources.bundle; sourceTree = "<group>"; };
		50BB07811D51EA7700474510 /* HockeySDK.framework */ = {isa = PBXFileReference; lastKnownFileType = wrapper.framework; path = HockeySDK.framework; sourceTree = "<group>"; };
		50BB07831D51EA7700474510 /* HockeySDK.framework */ = {isa = PBXFileReference; lastKnownFileType = wrapper.framework; path = HockeySDK.framework; sourceTree = "<group>"; };
		50BB07841D51EA7700474510 /* LICENSE */ = {isa = PBXFileReference; fileEncoding = 4; lastKnownFileType = text; path = LICENSE; sourceTree = "<group>"; };
		50BB07851D51EA7700474510 /* README.md */ = {isa = PBXFileReference; fileEncoding = 4; lastKnownFileType = net.daringfireball.markdown; path = README.md; sourceTree = "<group>"; };
/* End PBXFileReference section */

/* Begin PBXFrameworksBuildPhase section */
		50345F411C9299A500F88D20 /* Frameworks */ = {
			isa = PBXFrameworksBuildPhase;
			buildActionMask = 2147483647;
			files = (
				50BB078A1D51EA7700474510 /* HockeySDK.framework in Frameworks */,
				50BB07881D51EA7700474510 /* HockeySDK.framework in Frameworks */,
				50BB078B1D51EA7700474510 /* HockeySDK.framework in Frameworks */,
			);
			runOnlyForDeploymentPostprocessing = 0;
		};
		50345F5A1C9299A500F88D20 /* Frameworks */ = {
			isa = PBXFrameworksBuildPhase;
			buildActionMask = 2147483647;
			files = (
			);
			runOnlyForDeploymentPostprocessing = 0;
		};
		50345F651C9299A500F88D20 /* Frameworks */ = {
			isa = PBXFrameworksBuildPhase;
			buildActionMask = 2147483647;
			files = (
			);
			runOnlyForDeploymentPostprocessing = 0;
		};
/* End PBXFrameworksBuildPhase section */

/* Begin PBXGroup section */
		50345F3B1C9299A500F88D20 = {
			isa = PBXGroup;
			children = (
				50BB07791D51EA7700474510 /* HockeySDK-iOS */,
				50345F461C9299A500F88D20 /* TextColors */,
				50345F601C9299A500F88D20 /* TextColorsTests */,
				50345F6B1C9299A500F88D20 /* TextColorsUITests */,
				50345F451C9299A500F88D20 /* Products */,
			);
			sourceTree = "<group>";
		};
		50345F451C9299A500F88D20 /* Products */ = {
			isa = PBXGroup;
			children = (
				50345F441C9299A500F88D20 /* TextColors.app */,
				50345F5D1C9299A500F88D20 /* TextColorsTests.xctest */,
				50345F681C9299A500F88D20 /* TextColorsUITests.xctest */,
			);
			name = Products;
			sourceTree = "<group>";
		};
		50345F461C9299A500F88D20 /* TextColors */ = {
			isa = PBXGroup;
			children = (
				50345F4A1C9299A500F88D20 /* AppDelegate.h */,
				50345F4B1C9299A500F88D20 /* AppDelegate.m */,
				50345F4D1C9299A500F88D20 /* ViewController.h */,
				50345F4E1C9299A500F88D20 /* ViewController.m */,
				50345F501C9299A500F88D20 /* Main.storyboard */,
				50345F531C9299A500F88D20 /* Assets.xcassets */,
				50345F551C9299A500F88D20 /* LaunchScreen.storyboard */,
				50345F581C9299A500F88D20 /* Info.plist */,
				50345F471C9299A500F88D20 /* Supporting Files */,
			);
			path = TextColors;
			sourceTree = "<group>";
		};
		50345F471C9299A500F88D20 /* Supporting Files */ = {
			isa = PBXGroup;
			children = (
				50345F481C9299A500F88D20 /* main.m */,
			);
			name = "Supporting Files";
			sourceTree = "<group>";
		};
		50345F601C9299A500F88D20 /* TextColorsTests */ = {
			isa = PBXGroup;
			children = (
				50345F611C9299A500F88D20 /* TextColorsTests.m */,
				50345F631C9299A500F88D20 /* Info.plist */,
			);
			path = TextColorsTests;
			sourceTree = "<group>";
		};
		50345F6B1C9299A500F88D20 /* TextColorsUITests */ = {
			isa = PBXGroup;
			children = (
				50345F6C1C9299A500F88D20 /* TextColorsUITests.m */,
				50345F6E1C9299A500F88D20 /* Info.plist */,
			);
			path = TextColorsUITests;
			sourceTree = "<group>";
		};
		50BB07791D51EA7700474510 /* HockeySDK-iOS */ = {
			isa = PBXGroup;
			children = (
				50BB077A1D51EA7700474510 /* CHANGELOG */,
				50BB077B1D51EA7700474510 /* de.bitstadium.HockeySDK-iOS-4.0.2.docset */,
				50BB077C1D51EA7700474510 /* HockeySDK.embeddedframework */,
				50BB07801D51EA7700474510 /* HockeySDKCrashOnly */,
				50BB07821D51EA7700474510 /* HockeySDKCrashOnlyExtension */,
				50BB07841D51EA7700474510 /* LICENSE */,
				50BB07851D51EA7700474510 /* README.md */,
			);
			path = "HockeySDK-iOS";
			sourceTree = "<group>";
		};
		50BB077C1D51EA7700474510 /* HockeySDK.embeddedframework */ = {
			isa = PBXGroup;
			children = (
				50BB077D1D51EA7700474510 /* HockeySDK.framework */,
				50BB077E1D51EA7700474510 /* Resources */,
			);
			path = HockeySDK.embeddedframework;
			sourceTree = "<group>";
		};
		50BB077E1D51EA7700474510 /* Resources */ = {
			isa = PBXGroup;
			children = (
				50BB077F1D51EA7700474510 /* HockeySDKResources.bundle */,
			);
			path = Resources;
			sourceTree = "<group>";
		};
		50BB07801D51EA7700474510 /* HockeySDKCrashOnly */ = {
			isa = PBXGroup;
			children = (
				50BB07811D51EA7700474510 /* HockeySDK.framework */,
			);
			path = HockeySDKCrashOnly;
			sourceTree = "<group>";
		};
		50BB07821D51EA7700474510 /* HockeySDKCrashOnlyExtension */ = {
			isa = PBXGroup;
			children = (
				50BB07831D51EA7700474510 /* HockeySDK.framework */,
			);
			path = HockeySDKCrashOnlyExtension;
			sourceTree = "<group>";
		};
/* End PBXGroup section */

/* Begin PBXNativeTarget section */
		50345F431C9299A500F88D20 /* TextColors */ = {
			isa = PBXNativeTarget;
			buildConfigurationList = 50345F711C9299A500F88D20 /* Build configuration list for PBXNativeTarget "TextColors" */;
			buildPhases = (
				50345F401C9299A500F88D20 /* Sources */,
				50345F411C9299A500F88D20 /* Frameworks */,
				50345F421C9299A500F88D20 /* Resources */,
			);
			buildRules = (
			);
			dependencies = (
			);
			name = TextColors;
			productName = TextColors;
			productReference = 50345F441C9299A500F88D20 /* TextColors.app */;
			productType = "com.apple.product-type.application";
		};
		50345F5C1C9299A500F88D20 /* TextColorsTests */ = {
			isa = PBXNativeTarget;
			buildConfigurationList = 50345F741C9299A500F88D20 /* Build configuration list for PBXNativeTarget "TextColorsTests" */;
			buildPhases = (
				50345F591C9299A500F88D20 /* Sources */,
				50345F5A1C9299A500F88D20 /* Frameworks */,
				50345F5B1C9299A500F88D20 /* Resources */,
			);
			buildRules = (
			);
			dependencies = (
				50345F5F1C9299A500F88D20 /* PBXTargetDependency */,
			);
			name = TextColorsTests;
			productName = TextColorsTests;
			productReference = 50345F5D1C9299A500F88D20 /* TextColorsTests.xctest */;
			productType = "com.apple.product-type.bundle.unit-test";
		};
		50345F671C9299A500F88D20 /* TextColorsUITests */ = {
			isa = PBXNativeTarget;
			buildConfigurationList = 50345F771C9299A500F88D20 /* Build configuration list for PBXNativeTarget "TextColorsUITests" */;
			buildPhases = (
				50345F641C9299A500F88D20 /* Sources */,
				50345F651C9299A500F88D20 /* Frameworks */,
				50345F661C9299A500F88D20 /* Resources */,
			);
			buildRules = (
			);
			dependencies = (
				50345F6A1C9299A500F88D20 /* PBXTargetDependency */,
			);
			name = TextColorsUITests;
			productName = TextColorsUITests;
			productReference = 50345F681C9299A500F88D20 /* TextColorsUITests.xctest */;
			productType = "com.apple.product-type.bundle.ui-testing";
		};
/* End PBXNativeTarget section */

/* Begin PBXProject section */
		50345F3C1C9299A500F88D20 /* Project object */ = {
			isa = PBXProject;
			attributes = {
				LastUpgradeCheck = 0720;
				ORGANIZATIONNAME = Pavani_ios;
				TargetAttributes = {
					50345F431C9299A500F88D20 = {
						CreatedOnToolsVersion = 7.2;
					};
					50345F5C1C9299A500F88D20 = {
						CreatedOnToolsVersion = 7.2;
						TestTargetID = 50345F431C9299A500F88D20;
					};
					50345F671C9299A500F88D20 = {
						CreatedOnToolsVersion = 7.2;
						TestTargetID = 50345F431C9299A500F88D20;
					};
				};
			};
			buildConfigurationList = 50345F3F1C9299A500F88D20 /* Build configuration list for PBXProject "TextColors" */;
			compatibilityVersion = "Xcode 3.2";
			developmentRegion = English;
			hasScannedForEncodings = 0;
			knownRegions = (
				en,
				Base,
			);
			mainGroup = 50345F3B1C9299A500F88D20;
			productRefGroup = 50345F451C9299A500F88D20 /* Products */;
			projectDirPath = "";
			projectRoot = "";
			targets = (
				50345F431C9299A500F88D20 /* TextColors */,
				50345F5C1C9299A500F88D20 /* TextColorsTests */,
				50345F671C9299A500F88D20 /* TextColorsUITests */,
			);
		};
/* End PBXProject section */

/* Begin PBXResourcesBuildPhase section */
		50345F421C9299A500F88D20 /* Resources */ = {
			isa = PBXResourcesBuildPhase;
			buildActionMask = 2147483647;
			files = (
				50345F571C9299A500F88D20 /* LaunchScreen.storyboard in Resources */,
				50BB07861D51EA7700474510 /* CHANGELOG in Resources */,
				50345F541C9299A500F88D20 /* Assets.xcassets in Resources */,
				50BB078C1D51EA7700474510 /* LICENSE in Resources */,
				50345F521C9299A500F88D20 /* Main.storyboard in Resources */,
				50BB07871D51EA7700474510 /* de.bitstadium.HockeySDK-iOS-4.0.2.docset in Resources */,
				50BB07891D51EA7700474510 /* HockeySDKResources.bundle in Resources */,
			);
			runOnlyForDeploymentPostprocessing = 0;
		};
		50345F5B1C9299A500F88D20 /* Resources */ = {
			isa = PBXResourcesBuildPhase;
			buildActionMask = 2147483647;
			files = (
			);
			runOnlyForDeploymentPostprocessing = 0;
		};
		50345F661C9299A500F88D20 /* Resources */ = {
			isa = PBXResourcesBuildPhase;
			buildActionMask = 2147483647;
			files = (
			);
			runOnlyForDeploymentPostprocessing = 0;
		};
/* End PBXResourcesBuildPhase section */

/* Begin PBXSourcesBuildPhase section */
		50345F401C9299A500F88D20 /* Sources */ = {
			isa = PBXSourcesBuildPhase;
			buildActionMask = 2147483647;
			files = (
				50345F4F1C9299A500F88D20 /* ViewController.m in Sources */,
				50345F4C1C9299A500F88D20 /* AppDelegate.m in Sources */,
				50BB078D1D51EA7700474510 /* README.md in Sources */,
				50345F491C9299A500F88D20 /* main.m in Sources */,
			);
			runOnlyForDeploymentPostprocessing = 0;
		};
		50345F591C9299A500F88D20 /* Sources */ = {
			isa = PBXSourcesBuildPhase;
			buildActionMask = 2147483647;
			files = (
				50345F621C9299A500F88D20 /* TextColorsTests.m in Sources */,
			);
			runOnlyForDeploymentPostprocessing = 0;
		};
		50345F641C9299A500F88D20 /* Sources */ = {
			isa = PBXSourcesBuildPhase;
			buildActionMask = 2147483647;
			files = (
				50345F6D1C9299A500F88D20 /* TextColorsUITests.m in Sources */,
			);
			runOnlyForDeploymentPostprocessing = 0;
		};
/* End PBXSourcesBuildPhase section */

/* Begin PBXTargetDependency section */
		50345F5F1C9299A500F88D20 /* PBXTargetDependency */ = {
			isa = PBXTargetDependency;
			target = 50345F431C9299A500F88D20 /* TextColors */;
			targetProxy = 50345F5E1C9299A500F88D20 /* PBXContainerItemProxy */;
		};
		50345F6A1C9299A500F88D20 /* PBXTargetDependency */ = {
			isa = PBXTargetDependency;
			target = 50345F431C9299A500F88D20 /* TextColors */;
			targetProxy = 50345F691C9299A500F88D20 /* PBXContainerItemProxy */;
		};
/* End PBXTargetDependency section */

/* Begin PBXVariantGroup section */
		50345F501C9299A500F88D20 /* Main.storyboard */ = {
			isa = PBXVariantGroup;
			children = (
				50345F511C9299A500F88D20 /* Base */,
			);
			name = Main.storyboard;
			sourceTree = "<group>";
		};
		50345F551C9299A500F88D20 /* LaunchScreen.storyboard */ = {
			isa = PBXVariantGroup;
			children = (
				50345F561C9299A500F88D20 /* Base */,
			);
			name = LaunchScreen.storyboard;
			sourceTree = "<group>";
		};
/* End PBXVariantGroup section */

/* Begin XCBuildConfiguration section */
		50345F6F1C9299A500F88D20 /* Debug */ = {
			isa = XCBuildConfiguration;
			buildSettings = {
				ALWAYS_SEARCH_USER_PATHS = NO;
				CLANG_CXX_LANGUAGE_STANDARD = "gnu++0x";
				CLANG_CXX_LIBRARY = "libc++";
				CLANG_ENABLE_MODULES = YES;
				CLANG_ENABLE_OBJC_ARC = YES;
				CLANG_WARN_BOOL_CONVERSION = YES;
				CLANG_WARN_CONSTANT_CONVERSION = YES;
				CLANG_WARN_DIRECT_OBJC_ISA_USAGE = YES_ERROR;
				CLANG_WARN_EMPTY_BODY = YES;
				CLANG_WARN_ENUM_CONVERSION = YES;
				CLANG_WARN_INT_CONVERSION = YES;
				CLANG_WARN_OBJC_ROOT_CLASS = YES_ERROR;
				CLANG_WARN_UNREACHABLE_CODE = YES;
				CLANG_WARN__DUPLICATE_METHOD_MATCH = YES;
				"CODE_SIGN_IDENTITY[sdk=iphoneos*]" = "iPhone Developer";
				COPY_PHASE_STRIP = NO;
				DEBUG_INFORMATION_FORMAT = dwarf;
				ENABLE_STRICT_OBJC_MSGSEND = YES;
				ENABLE_TESTABILITY = YES;
				GCC_C_LANGUAGE_STANDARD = gnu99;
				GCC_DYNAMIC_NO_PIC = NO;
				GCC_NO_COMMON_BLOCKS = YES;
				GCC_OPTIMIZATION_LEVEL = 0;
				GCC_PREPROCESSOR_DEFINITIONS = (
					"DEBUG=1",
					"$(inherited)",
				);
				GCC_WARN_64_TO_32_BIT_CONVERSION = YES;
				GCC_WARN_ABOUT_RETURN_TYPE = YES_ERROR;
				GCC_WARN_UNDECLARED_SELECTOR = YES;
				GCC_WARN_UNINITIALIZED_AUTOS = YES_AGGRESSIVE;
				GCC_WARN_UNUSED_FUNCTION = YES;
				GCC_WARN_UNUSED_VARIABLE = YES;
				IPHONEOS_DEPLOYMENT_TARGET = 7.0;
				MTL_ENABLE_DEBUG_INFO = YES;
				ONLY_ACTIVE_ARCH = YES;
				SDKROOT = iphoneos;
				TARGETED_DEVICE_FAMILY = "1,2";
			};
			name = Debug;
		};
		50345F701C9299A500F88D20 /* Release */ = {
			isa = XCBuildConfiguration;
			buildSettings = {
				ALWAYS_SEARCH_USER_PATHS = NO;
				CLANG_CXX_LANGUAGE_STANDARD = "gnu++0x";
				CLANG_CXX_LIBRARY = "libc++";
				CLANG_ENABLE_MODULES = YES;
				CLANG_ENABLE_OBJC_ARC = YES;
				CLANG_WARN_BOOL_CONVERSION = YES;
				CLANG_WARN_CONSTANT_CONVERSION = YES;
				CLANG_WARN_DIRECT_OBJC_ISA_USAGE = YES_ERROR;
				CLANG_WARN_EMPTY_BODY = YES;
				CLANG_WARN_ENUM_CONVERSION = YES;
				CLANG_WARN_INT_CONVERSION = YES;
				CLANG_WARN_OBJC_ROOT_CLASS = YES_ERROR;
				CLANG_WARN_UNREACHABLE_CODE = YES;
				CLANG_WARN__DUPLICATE_METHOD_MATCH = YES;
				"CODE_SIGN_IDENTITY[sdk=iphoneos*]" = "iPhone Developer";
				COPY_PHASE_STRIP = NO;
				DEBUG_INFORMATION_FORMAT = "dwarf-with-dsym";
				ENABLE_NS_ASSERTIONS = NO;
				ENABLE_STRICT_OBJC_MSGSEND = YES;
				GCC_C_LANGUAGE_STANDARD = gnu99;
				GCC_NO_COMMON_BLOCKS = YES;
				GCC_WARN_64_TO_32_BIT_CONVERSION = YES;
				GCC_WARN_ABOUT_RETURN_TYPE = YES_ERROR;
				GCC_WARN_UNDECLARED_SELECTOR = YES;
				GCC_WARN_UNINITIALIZED_AUTOS = YES_AGGRESSIVE;
				GCC_WARN_UNUSED_FUNCTION = YES;
				GCC_WARN_UNUSED_VARIABLE = YES;
				IPHONEOS_DEPLOYMENT_TARGET = 7.0;
				MTL_ENABLE_DEBUG_INFO = NO;
				SDKROOT = iphoneos;
				TARGETED_DEVICE_FAMILY = "1,2";
				VALIDATE_PRODUCT = YES;
			};
			name = Release;
		};
		50345F721C9299A500F88D20 /* Debug */ = {
			isa = XCBuildConfiguration;
			buildSettings = {
				ASSETCATALOG_COMPILER_APPICON_NAME = AppIcon;
				FRAMEWORK_SEARCH_PATHS = (
					"$(inherited)",
					"$(PROJECT_DIR)/HockeySDK-iOS/HockeySDK.embeddedframework",
					"$(PROJECT_DIR)/HockeySDK-iOS/HockeySDKCrashOnly",
					"$(PROJECT_DIR)/HockeySDK-iOS/HockeySDKCrashOnlyExtension",
				);
				INFOPLIST_FILE = TextColors/Info.plist;
				IPHONEOS_DEPLOYMENT_TARGET = 7.0;
				LD_RUNPATH_SEARCH_PATHS = "$(inherited) @executable_path/Frameworks";
				PRODUCT_BUNDLE_IDENTIFIER = com.asman.TextColors;
				PRODUCT_NAME = "$(TARGET_NAME)";
			};
			name = Debug;
		};
		50345F731C9299A500F88D20 /* Release */ = {
			isa = XCBuildConfiguration;
			buildSettings = {
				ASSETCATALOG_COMPILER_APPICON_NAME = AppIcon;
				FRAMEWORK_SEARCH_PATHS = (
					"$(inherited)",
					"$(PROJECT_DIR)/HockeySDK-iOS/HockeySDK.embeddedframework",
					"$(PROJECT_DIR)/HockeySDK-iOS/HockeySDKCrashOnly",
					"$(PROJECT_DIR)/HockeySDK-iOS/HockeySDKCrashOnlyExtension",
				);
				INFOPLIST_FILE = TextColors/Info.plist;
				IPHONEOS_DEPLOYMENT_TARGET = 7.0;
				LD_RUNPATH_SEARCH_PATHS = "$(inherited) @executable_path/Frameworks";
				PRODUCT_BUNDLE_IDENTIFIER = com.asman.TextColors;
				PRODUCT_NAME = "$(TARGET_NAME)";
			};
			name = Release;
		};
		50345F751C9299A500F88D20 /* Debug */ = {
			isa = XCBuildConfiguration;
			buildSettings = {
				BUNDLE_LOADER = "$(TEST_HOST)";
				INFOPLIST_FILE = TextColorsTests/Info.plist;
				LD_RUNPATH_SEARCH_PATHS = "$(inherited) @executable_path/Frameworks @loader_path/Frameworks";
				PRODUCT_BUNDLE_IDENTIFIER = com.asman.TextColorsTests;
				PRODUCT_NAME = "$(TARGET_NAME)";
				TEST_HOST = "$(BUILT_PRODUCTS_DIR)/TextColors.app/TextColors";
			};
			name = Debug;
		};
		50345F761C9299A500F88D20 /* Release */ = {
			isa = XCBuildConfiguration;
			buildSettings = {
				BUNDLE_LOADER = "$(TEST_HOST)";
				INFOPLIST_FILE = TextColorsTests/Info.plist;
				LD_RUNPATH_SEARCH_PATHS = "$(inherited) @executable_path/Frameworks @loader_path/Frameworks";
				PRODUCT_BUNDLE_IDENTIFIER = com.asman.TextColorsTests;
				PRODUCT_NAME = "$(TARGET_NAME)";
				TEST_HOST = "$(BUILT_PRODUCTS_DIR)/TextColors.app/TextColors";
			};
			name = Release;
		};
		50345F781C9299A500F88D20 /* Debug */ = {
			isa = XCBuildConfiguration;
			buildSettings = {
				INFOPLIST_FILE = TextColorsUITests/Info.plist;
				LD_RUNPATH_SEARCH_PATHS = "$(inherited) @executable_path/Frameworks @loader_path/Frameworks";
				PRODUCT_BUNDLE_IDENTIFIER = com.asman.TextColorsUITests;
				PRODUCT_NAME = "$(TARGET_NAME)";
				TEST_TARGET_NAME = TextColors;
				USES_XCTRUNNER = YES;
			};
			name = Debug;
		};
		50345F791C9299A500F88D20 /* Release */ = {
			isa = XCBuildConfiguration;
			buildSettings = {
				INFOPLIST_FILE = TextColorsUITests/Info.plist;
				LD_RUNPATH_SEARCH_PATHS = "$(inherited) @executable_path/Frameworks @loader_path/Frameworks";
				PRODUCT_BUNDLE_IDENTIFIER = com.asman.TextColorsUITests;
				PRODUCT_NAME = "$(TARGET_NAME)";
				TEST_TARGET_NAME = TextColors;
				USES_XCTRUNNER = YES;
			};
			name = Release;
		};
/* End XCBuildConfiguration section */

/* Begin XCConfigurationList section */
		50345F3F1C9299A500F88D20 /* Build configuration list for PBXProject "TextColors" */ = {
			isa = XCConfigurationList;
			buildConfigurations = (
				50345F6F1C9299A500F88D20 /* Debug */,
				50345F701C9299A500F88D20 /* Release */,
			);
			defaultConfigurationIsVisible = 0;
			defaultConfigurationName = Release;
		};
		50345F711C9299A500F88D20 /* Build configuration list for PBXNativeTarget "TextColors" */ = {
			isa = XCConfigurationList;
			buildConfigurations = (
				50345F721C9299A500F88D20 /* Debug */,
				50345F731C9299A500F88D20 /* Release */,
			);
			defaultConfigurationIsVisible = 0;
			defaultConfigurationName = Release;
		};
		50345F741C9299A500F88D20 /* Build configuration list for PBXNativeTarget "TextColorsTests" */ = {
			isa = XCConfigurationList;
			buildConfigurations = (
				50345F751C9299A500F88D20 /* Debug */,
				50345F761C9299A500F88D20 /* Release */,
			);
			defaultConfigurationIsVisible = 0;
			defaultConfigurationName = Release;
		};
		50345F771C9299A500F88D20 /* Build configuration list for PBXNativeTarget "TextColorsUITests" */ = {
			isa = XCConfigurationList;
			buildConfigurations = (
				50345F781C9299A500F88D20 /* Debug */,
				50345F791C9299A500F88D20 /* Release */,
			);
			defaultConfigurationIsVisible = 0;
			defaultConfigurationName = Release;
		};
/* End XCConfigurationList section */
	};
	rootObject = 50345F3C1C9299A500F88D20 /* Project object */;
}
